
Microsoft Visual Studio Solution File, Format Version 12.00
# Visual Studio 2017
Project("{FAE04EC0-301F-11D3-BF4B-00C04F79EFBC}") = "ZX01", "ZX01.csproj", "{D116F5A0-A48D-AA39-3F69-D47E92099382}"
EndProject
Project("{FAE04EC0-301F-11D3-BF4B-00C04F79EFBC}") = "ZX01.Editor", "ZX01.Editor.csproj", "{D4104951-10CD-4702-DBDD-319E396AE7B7}"
EndProject
Global
	GlobalSection(SolutionConfigurationPlatforms) = preSolution
		Debug|Any CPU = Debug|Any CPU
		Release|Any CPU = Release|Any CPU
	EndGlobalSection
	GlobalSection(ProjectConfigurationPlatforms) = postSolution
		{D116F5A0-A48D-AA39-3F69-D47E92099382}.Debug|Any CPU.ActiveCfg = Debug|Any CPU
		{D116F5A0-A48D-AA39-3F69-D47E92099382}.Debug|Any CPU.Build.0 = Debug|Any CPU
		{D116F5A0-A48D-AA39-3F69-D47E92099382}.Release|Any CPU.ActiveCfg = Release|Any CPU
		{D116F5A0-A48D-AA39-3F69-D47E92099382}.Release|Any CPU.Build.0 = Release|Any CPU
		{D4104951-10CD-4702-DBDD-319E396AE7B7}.Debug|Any CPU.ActiveCfg = Debug|Any CPU
		{D4104951-10CD-4702-DBDD-319E396AE7B7}.Debug|Any CPU.Build.0 = Debug|Any CPU
		{D4104951-10CD-4702-DBDD-319E396AE7B7}.Release|Any CPU.ActiveCfg = Release|Any CPU
		{D4104951-10CD-4702-DBDD-319E396AE7B7}.Release|Any CPU.Build.0 = Release|Any CPU
	EndGlobalSection
	GlobalSection(SolutionProperties) = preSolution
		HideSolutionNode = FALSE
	EndGlobalSection
EndGlobal
